
Microsoft Visual Studio Solution File, Format Version 12.00
Project("{2150E333-8FDC-42A3-9474-1A3956D46DE8}") = "src", "src", "{827E0CD3-B72D-47B6-A68D-7590B98EB39B}"
EndProject
Project("{FAE04EC0-301F-11D3-BF4B-00C04F79EFBC}") = "DocumentProcessing.Core", "src\DocumentProcessing.Core\DocumentProcessing.Core.csproj", "{A893F10E-0DA1-49DA-BEAB-DBF640959CDF}"
EndProject
Project("{FAE04EC0-301F-11D3-BF4B-00C04F79EFBC}") = "DocumentProcessing.Engine", "src\DocumentProcessing.Engine\DocumentProcessing.Engine.csproj", "{E792FABE-9DCF-47B8-8B79-1E0689612E85}"
EndProject
Project("{FAE04EC0-301F-11D3-BF4B-00C04F79EFBC}") = "DocumentProcessing.Pdf", "src\DocumentProcessing.Pdf\DocumentProcessing.Pdf.csproj", "{B2C8B7A2-547C-4893-9007-39FE43FEC4F1}"
EndProject
Project("{2150E333-8FDC-42A3-9474-1A3956D46DE8}") = "tests", "tests", "{0AB3BF05-4346-4AA6-1389-037BE0695223}"
EndProject
Project("{FAE04EC0-301F-11D3-BF4B-00C04F79EFBC}") = "DocumentProcessing.UnitTests", "tests\DocumentProcessing.UnitTests\DocumentProcessing.UnitTests.csproj", "{3D55978B-2781-4E60-B4FF-F2EA828883D1}"
EndProject
Project("{FAE04EC0-301F-11D3-BF4B-00C04F79EFBC}") = "DocumentProcessing.IntegrationTests", "tests\DocumentProcessing.IntegrationTests\DocumentProcessing.IntegrationTests.csproj", "{20D08596-E27B-4C96-B687-075CE850DFA2}"
EndProject
Project("{2150E333-8FDC-42A3-9474-1A3956D46DE8}") = "tools", "tools", "{07C2787E-EAC7-C090-1BA3-A61EC2A24D84}"
EndProject
Project("{FAE04EC0-301F-11D3-BF4B-00C04F79EFBC}") = "DocumentProcessing.EvaluationCli", "tools\DocumentProcessing.EvaluationCli\DocumentProcessing.EvaluationCli.csproj", "{2E711910-FD50-46FF-9806-B50EC797403C}"
EndProject
Project("{2150E333-8FDC-42A3-9474-1A3956D46DE8}") = "document_corpus", "document_corpus", "{0C6F0A54-2F9C-4D21-9996-18AA021DF803}"
EndProject
Project("{FAE04EC0-301F-11D3-BF4B-00C04F79EFBC}") = "DocumentProcessing.DualRunWorker", "src\DocumentProcessing.DualRunWorker\DocumentProcessing.DualRunWorker.csproj", "{7477DD45-06B0-4848-8D0D-B7E48B28323F}"
EndProject
Project("{FAE04EC0-301F-11D3-BF4B-00C04F79EFBC}") = "DocumentProcessing", "src\DocumentProcessing\DocumentProcessing.csproj", "{68C9CA03-8149-4228-90B2-BF3E9237BC07}"
EndProject
Project("{FAE04EC0-301F-11D3-BF4B-00C04F79EFBC}") = "DocumentProcessing.Epub", "src\DocumentProcessing.Epub\DocumentProcessing.Epub.csproj", "{27176F91-F885-4552-950F-D0ED8AE19253}"
EndProject
Global
	GlobalSection(SolutionConfigurationPlatforms) = preSolution
		Debug|Any CPU = Debug|Any CPU
		Debug|x64 = Debug|x64
		Debug|x86 = Debug|x86
		Release|Any CPU = Release|Any CPU
		Release|x64 = Release|x64
		Release|x86 = Release|x86
	EndGlobalSection
	GlobalSection(ProjectConfigurationPlatforms) = postSolution
		{A893F10E-0DA1-49DA-BEAB-DBF640959CDF}.Debug|Any CPU.ActiveCfg = Debug|Any CPU
		{A893F10E-0DA1-49DA-BEAB-DBF640959CDF}.Debug|Any CPU.Build.0 = Debug|Any CPU
		{A893F10E-0DA1-49DA-BEAB-DBF640959CDF}.Debug|x64.ActiveCfg = Debug|Any CPU
		{A893F10E-0DA1-49DA-BEAB-DBF640959CDF}.Debug|x64.Build.0 = Debug|Any CPU
		{A893F10E-0DA1-49DA-BEAB-DBF640959CDF}.Debug|x86.ActiveCfg = Debug|Any CPU
		{A893F10E-0DA1-49DA-BEAB-DBF640959CDF}.Debug|x86.Build.0 = Debug|Any CPU
		{A893F10E-0DA1-49DA-BEAB-DBF640959CDF}.Release|Any CPU.ActiveCfg = Release|Any CPU
		{A893F10E-0DA1-49DA-BEAB-DBF640959CDF}.Release|Any CPU.Build.0 = Release|Any CPU
		{A893F10E-0DA1-49DA-BEAB-DBF640959CDF}.Release|x64.ActiveCfg = Release|Any CPU
		{A893F10E-0DA1-49DA-BEAB-DBF640959CDF}.Release|x64.Build.0 = Release|Any CPU
		{A893F10E-0DA1-49DA-BEAB-DBF640959CDF}.Release|x86.ActiveCfg = Release|Any CPU
		{A893F10E-0DA1-49DA-BEAB-DBF640959CDF}.Release|x86.Build.0 = Release|Any CPU
		{E792FABE-9DCF-47B8-8B79-1E0689612E85}.Debug|Any CPU.ActiveCfg = Debug|Any CPU
		{E792FABE-9DCF-47B8-8B79-1E0689612E85}.Debug|Any CPU.Build.0 = Debug|Any CPU
		{E792FABE-9DCF-47B8-8B79-1E0689612E85}.Debug|x64.ActiveCfg = Debug|Any CPU
		{E792FABE-9DCF-47B8-8B79-1E0689612E85}.Debug|x64.Build.0 = Debug|Any CPU
		{E792FABE-9DCF-47B8-8B79-1E0689612E85}.Debug|x86.ActiveCfg = Debug|Any CPU
		{E792FABE-9DCF-47B8-8B79-1E0689612E85}.Debug|x86.Build.0 = Debug|Any CPU
		{E792FABE-9DCF-47B8-8B79-1E0689612E85}.Release|Any CPU.ActiveCfg = Release|Any CPU
		{E792FABE-9DCF-47B8-8B79-1E0689612E85}.Release|Any CPU.Build.0 = Release|Any CPU
		{E792FABE-9DCF-47B8-8B79-1E0689612E85}.Release|x64.ActiveCfg = Release|Any CPU
		{E792FABE-9DCF-47B8-8B79-1E0689612E85}.Release|x64.Build.0 = Release|Any CPU
		{E792FABE-9DCF-47B8-8B79-1E0689612E85}.Release|x86.ActiveCfg = Release|Any CPU
		{E792FABE-9DCF-47B8-8B79-1E0689612E85}.Release|x86.Build.0 = Release|Any CPU
		{B2C8B7A2-547C-4893-9007-39FE43FEC4F1}.Debug|Any CPU.ActiveCfg = Debug|Any CPU
		{B2C8B7A2-547C-4893-9007-39FE43FEC4F1}.Debug|Any CPU.Build.0 = Debug|Any CPU
		{B2C8B7A2-547C-4893-9007-39FE43FEC4F1}.Debug|x64.ActiveCfg = Debug|Any CPU
		{B2C8B7A2-547C-4893-9007-39FE43FEC4F1}.Debug|x64.Build.0 = Debug|Any CPU
		{B2C8B7A2-547C-4893-9007-39FE43FEC4F1}.Debug|x86.ActiveCfg = Debug|Any CPU
		{B2C8B7A2-547C-4893-9007-39FE43FEC4F1}.Debug|x86.Build.0 = Debug|Any CPU
		{B2C8B7A2-547C-4893-9007-39FE43FEC4F1}.Release|Any CPU.ActiveCfg = Release|Any CPU
		{B2C8B7A2-547C-4893-9007-39FE43FEC4F1}.Release|Any CPU.Build.0 = Release|Any CPU
		{B2C8B7A2-547C-4893-9007-39FE43FEC4F1}.Release|x64.ActiveCfg = Release|Any CPU
		{B2C8B7A2-547C-4893-9007-39FE43FEC4F1}.Release|x64.Build.0 = Release|Any CPU
		{B2C8B7A2-547C-4893-9007-39FE43FEC4F1}.Release|x86.ActiveCfg = Release|Any CPU
		{B2C8B7A2-547C-4893-9007-39FE43FEC4F1}.Release|x86.Build.0 = Release|Any CPU
		{3D55978B-2781-4E60-B4FF-F2EA828883D1}.Debug|Any CPU.ActiveCfg = Debug|Any CPU
		{3D55978B-2781-4E60-B4FF-F2EA828883D1}.Debug|Any CPU.Build.0 = Debug|Any CPU
		{3D55978B-2781-4E60-B4FF-F2EA828883D1}.Debug|x64.ActiveCfg = Debug|Any CPU
		{3D55978B-2781-4E60-B4FF-F2EA828883D1}.Debug|x64.Build.0 = Debug|Any CPU
		{3D55978B-2781-4E60-B4FF-F2EA828883D1}.Debug|x86.ActiveCfg = Debug|Any CPU
		{3D55978B-2781-4E60-B4FF-F2EA828883D1}.Debug|x86.Build.0 = Debug|Any CPU
		{3D55978B-2781-4E60-B4FF-F2EA828883D1}.Release|Any CPU.ActiveCfg = Release|Any CPU
		{3D55978B-2781-4E60-B4FF-F2EA828883D1}.Release|Any CPU.Build.0 = Release|Any CPU
		{3D55978B-2781-4E60-B4FF-F2EA828883D1}.Release|x64.ActiveCfg = Release|Any CPU
		{3D55978B-2781-4E60-B4FF-F2EA828883D1}.Release|x64.Build.0 = Release|Any CPU
		{3D55978B-2781-4E60-B4FF-F2EA828883D1}.Release|x86.ActiveCfg = Release|Any CPU
		{3D55978B-2781-4E60-B4FF-F2EA828883D1}.Release|x86.Build.0 = Release|Any CPU
		{20D08596-E27B-4C96-B687-075CE850DFA2}.Debug|Any CPU.ActiveCfg = Debug|Any CPU
		{20D08596-E27B-4C96-B687-075CE850DFA2}.Debug|Any CPU.Build.0 = Debug|Any CPU
		{20D08596-E27B-4C96-B687-075CE850DFA2}.Debug|x64.ActiveCfg = Debug|Any CPU
		{20D08596-E27B-4C96-B687-075CE850DFA2}.Debug|x64.Build.0 = Debug|Any CPU
		{20D08596-E27B-4C96-B687-075CE850DFA2}.Debug|x86.ActiveCfg = Debug|Any CPU
		{20D08596-E27B-4C96-B687-075CE850DFA2}.Debug|x86.Build.0 = Debug|Any CPU
		{20D08596-E27B-4C96-B687-075CE850DFA2}.Release|Any CPU.ActiveCfg = Release|Any CPU
		{20D08596-E27B-4C96-B687-075CE850DFA2}.Release|Any CPU.Build.0 = Release|Any CPU
		{20D08596-E27B-4C96-B687-075CE850DFA2}.Release|x64.ActiveCfg = Release|Any CPU
		{20D08596-E27B-4C96-B687-075CE850DFA2}.Release|x64.Build.0 = Release|Any CPU
		{20D08596-E27B-4C96-B687-075CE850DFA2}.Release|x86.ActiveCfg = Release|Any CPU
		{20D08596-E27B-4C96-B687-075CE850DFA2}.Release|x86.Build.0 = Release|Any CPU
		{2E711910-FD50-46FF-9806-B50EC797403C}.Debug|Any CPU.ActiveCfg = Debug|Any CPU
		{2E711910-FD50-46FF-9806-B50EC797403C}.Debug|Any CPU.Build.0 = Debug|Any CPU
		{2E711910-FD50-46FF-9806-B50EC797403C}.Debug|x64.ActiveCfg = Debug|Any CPU
		{2E711910-FD50-46FF-9806-B50EC797403C}.Debug|x64.Build.0 = Debug|Any CPU
		{2E711910-FD50-46FF-9806-B50EC797403C}.Debug|x86.ActiveCfg = Debug|Any CPU
		{2E711910-FD50-46FF-9806-B50EC797403C}.Debug|x86.Build.0 = Debug|Any CPU
		{2E711910-FD50-46FF-9806-B50EC797403C}.Release|Any CPU.ActiveCfg = Release|Any CPU
		{2E711910-FD50-46FF-9806-B50EC797403C}.Release|Any CPU.Build.0 = Release|Any CPU
		{2E711910-FD50-46FF-9806-B50EC797403C}.Release|x64.ActiveCfg = Release|Any CPU
		{2E711910-FD50-46FF-9806-B50EC797403C}.Release|x64.Build.0 = Release|Any CPU
		{2E711910-FD50-46FF-9806-B50EC797403C}.Release|x86.ActiveCfg = Release|Any CPU
		{2E711910-FD50-46FF-9806-B50EC797403C}.Release|x86.Build.0 = Release|Any CPU
		{7477DD45-06B0-4848-8D0D-B7E48B28323F}.Debug|Any CPU.ActiveCfg = Debug|Any CPU
		{7477DD45-06B0-4848-8D0D-B7E48B28323F}.Debug|Any CPU.Build.0 = Debug|Any CPU
		{7477DD45-06B0-4848-8D0D-B7E48B28323F}.Debug|x64.ActiveCfg = Debug|Any CPU
		{7477DD45-06B0-4848-8D0D-B7E48B28323F}.Debug|x64.Build.0 = Debug|Any CPU
		{7477DD45-06B0-4848-8D0D-B7E48B28323F}.Debug|x86.ActiveCfg = Debug|Any CPU
		{7477DD45-06B0-4848-8D0D-B7E48B28323F}.Debug|x86.Build.0 = Debug|Any CPU
		{7477DD45-06B0-4848-8D0D-B7E48B28323F}.Release|Any CPU.ActiveCfg = Release|Any CPU
		{7477DD45-06B0-4848-8D0D-B7E48B28323F}.Release|Any CPU.Build.0 = Release|Any CPU
		{7477DD45-06B0-4848-8D0D-B7E48B28323F}.Release|x64.ActiveCfg = Release|Any CPU
		{7477DD45-06B0-4848-8D0D-B7E48B28323F}.Release|x64.Build.0 = Release|Any CPU
		{7477DD45-06B0-4848-8D0D-B7E48B28323F}.Release|x86.ActiveCfg = Release|Any CPU
		{7477DD45-06B0-4848-8D0D-B7E48B28323F}.Release|x86.Build.0 = Release|Any CPU
		{68C9CA03-8149-4228-90B2-BF3E9237BC07}.Debug|Any CPU.ActiveCfg = Debug|Any CPU
		{68C9CA03-8149-4228-90B2-BF3E9237BC07}.Debug|Any CPU.Build.0 = Debug|Any CPU
		{68C9CA03-8149-4228-90B2-BF3E9237BC07}.Debug|x64.ActiveCfg = Debug|Any CPU
		{68C9CA03-8149-4228-90B2-BF3E9237BC07}.Debug|x64.Build.0 = Debug|Any CPU
		{68C9CA03-8149-4228-90B2-BF3E9237BC07}.Debug|x86.ActiveCfg = Debug|Any CPU
		{68C9CA03-8149-4228-90B2-BF3E9237BC07}.Debug|x86.Build.0 = Debug|Any CPU
		{68C9CA03-8149-4228-90B2-BF3E9237BC07}.Release|Any CPU.ActiveCfg = Release|Any CPU
		{68C9CA03-8149-4228-90B2-BF3E9237BC07}.Release|Any CPU.Build.0 = Release|Any CPU
		{68C9CA03-8149-4228-90B2-BF3E9237BC07}.Release|x64.ActiveCfg = Release|Any CPU
		{68C9CA03-8149-4228-90B2-BF3E9237BC07}.Release|x64.Build.0 = Release|Any CPU
		{68C9CA03-8149-4228-90B2-BF3E9237BC07}.Release|x86.ActiveCfg = Release|Any CPU
		{68C9CA03-8149-4228-90B2-BF3E9237BC07}.Release|x86.Build.0 = Release|Any CPU
		{27176F91-F885-4552-950F-D0ED8AE19253}.Debug|Any CPU.ActiveCfg = Debug|Any CPU
		{27176F91-F885-4552-950F-D0ED8AE19253}.Debug|Any CPU.Build.0 = Debug|Any CPU
		{27176F91-F885-4552-950F-D0ED8AE19253}.Debug|x64.ActiveCfg = Debug|Any CPU
		{27176F91-F885-4552-950F-D0ED8AE19253}.Debug|x64.Build.0 = Debug|Any CPU
		{27176F91-F885-4552-950F-D0ED8AE19253}.Debug|x86.ActiveCfg = Debug|Any CPU
		{27176F91-F885-4552-950F-D0ED8AE19253}.Debug|x86.Build.0 = Debug|Any CPU
		{27176F91-F885-4552-950F-D0ED8AE19253}.Release|Any CPU.ActiveCfg = Release|Any CPU
		{27176F91-F885-4552-950F-D0ED8AE19253}.Release|Any CPU.Build.0 = Release|Any CPU
		{27176F91-F885-4552-950F-D0ED8AE19253}.Release|x64.ActiveCfg = Release|Any CPU
		{27176F91-F885-4552-950F-D0ED8AE19253}.Release|x64.Build.0 = Release|Any CPU
		{27176F91-F885-4552-950F-D0ED8AE19253}.Release|x86.ActiveCfg = Release|Any CPU
		{27176F91-F885-4552-950F-D0ED8AE19253}.Release|x86.Build.0 = Release|Any CPU
	EndGlobalSection
	GlobalSection(SolutionProperties) = preSolution
		HideSolutionNode = FALSE
	EndGlobalSection
	GlobalSection(NestedProjects) = preSolution
		{A893F10E-0DA1-49DA-BEAB-DBF640959CDF} = {827E0CD3-B72D-47B6-A68D-7590B98EB39B}
		{E792FABE-9DCF-47B8-8B79-1E0689612E85} = {827E0CD3-B72D-47B6-A68D-7590B98EB39B}
		{B2C8B7A2-547C-4893-9007-39FE43FEC4F1} = {827E0CD3-B72D-47B6-A68D-7590B98EB39B}
		{3D55978B-2781-4E60-B4FF-F2EA828883D1} = {0AB3BF05-4346-4AA6-1389-037BE0695223}
		{20D08596-E27B-4C96-B687-075CE850DFA2} = {0AB3BF05-4346-4AA6-1389-037BE0695223}
		{2E711910-FD50-46FF-9806-B50EC797403C} = {07C2787E-EAC7-C090-1BA3-A61EC2A24D84}
		{0C6F0A54-2F9C-4D21-9996-18AA021DF803} = {0AB3BF05-4346-4AA6-1389-037BE0695223}
		{7477DD45-06B0-4848-8D0D-B7E48B28323F} = {827E0CD3-B72D-47B6-A68D-7590B98EB39B}
		{68C9CA03-8149-4228-90B2-BF3E9237BC07} = {827E0CD3-B72D-47B6-A68D-7590B98EB39B}
		{27176F91-F885-4552-950F-D0ED8AE19253} = {827E0CD3-B72D-47B6-A68D-7590B98EB39B}
	EndGlobalSection
EndGlobal
